// !$*UTF8*$!
{
	archiveVersion = 1;
	classes = {
	};
	objectVersion = 110;
	objects = {

/* Begin PBXBuildFile section */
		5371D6A9304CF26F007F429B /* README.md in Resources */ = {isa = PBXBuildFile; fileRef = 5371D6A8304CF26F007F429B /* README.md */; };
		5371D6AB304CF282007F429B /* .gitignore in Resources */ = {isa = PBXBuildFile; fileRef = 5371D6AA304CF282007F429B /* .gitignore */; };
/* End PBXBuildFile section */

/* Begin PBXContainerItemProxy section */
		5371D67A304CEBD8007F429B /* PBXContainerItemProxy */ = {
			isa = PBXContainerItemProxy;
			containerPortal = 5371D664304CEBD6007F429B /* Project object */;
			proxyType = 1;
			remoteGlobalIDString = 5371D66B304CEBD6007F429B;
			remoteInfo = DORC;
		};
		5371D684304CEBD8007F429B /* PBXContainerItemProxy */ = {
			isa = PBXContainerItemProxy;
			containerPortal = 5371D664304CEBD6007F429B /* Project object */;
			proxyType = 1;
			remoteGlobalIDString = 5371D66B304CEBD6007F429B;
			remoteInfo = DORC;
		};
/* End PBXContainerItemProxy section */

/* Begin PBXFileReference section */
		5371D66C304CEBD6007F429B /* DORC.app */ = {isa = PBXFileReference; explicitFileType = wrapper.application; includeInIndex = 0; path = DORC.app; sourceTree = BUILT_PRODUCTS_DIR; };
		5371D679304CEBD8007F429B /* DORCTests.xctest */ = {isa = PBXFileReference; explicitFileType = wrapper.cfbundle; includeInIndex = 0; path = DORCTests.xctest; sourceTree = BUILT_PRODUCTS_DIR; };
		5371D683304CEBD8007F429B /* DORCUITests.xctest */ = {isa = PBXFileReference; explicitFileType = wrapper.cfbundle; includeInIndex = 0; path = DORCUITests.xctest; sourceTree = BUILT_PRODUCTS_DIR; };
		5371D6A8304CF26F007F429B /* README.md */ = {isa = PBXFileReference; lastKnownFileType = net.daringfireball.markdown; path = README.md; sourceTree = "<group>"; };
		5371D6AA304CF282007F429B /* .gitignore */ = {isa = PBXFileReference; lastKnownFileType = text; path = .gitignore; sourceTree = "<group>"; };
/* End PBXFileReference section */

/* Begin PBXFileSystemSynchronizedRootGroup section */
		5371D66E304CEBD6007F429B /* DORC */ = {
			isa = PBXFileSystemSynchronizedRootGroup;
			path = DORC;
			sourceTree = "<group>";
		};
		5371D67C304CEBD8007F429B /* DORCTests */ = {
			isa = PBXFileSystemSynchronizedRootGroup;
			path = DORCTests;
			sourceTree = "<group>";
		};
		5371D686304CEBD8007F429B /* DORCUITests */ = {
			isa = PBXFileSystemSynchronizedRootGroup;
			path = DORCUITests;
			sourceTree = "<group>";
		};
/* End PBXFileSystemSynchronizedRootGroup section */

/* Begin PBXFrameworksBuildPhase section */
		5371D669304CEBD6007F429B /* Frameworks */ = {
			isa = PBXFrameworksBuildPhase;
			files = (
			);
		};
		5371D676304CEBD8007F429B /* Frameworks */ = {
			isa = PBXFrameworksBuildPhase;
			files = (
			);
		};
		5371D680304CEBD8007F429B /* Frameworks */ = {
			isa = PBXFrameworksBuildPhase;
			files = (
			);
		};
/* End PBXFrameworksBuildPhase section */

/* Begin PBXGroup section */
		5371D663304CEBD6007F429B = {
			isa = PBXGroup;
			children = (
				5371D66E304CEBD6007F429B /* DORC */,
				5371D67C304CEBD8007F429B /* DORCTests */,
				5371D686304CEBD8007F429B /* DORCUITests */,
				5371D66D304CEBD6007F429B /* Products */,
				5371D6A8304CF26F007F429B /* README.md */,
				5371D6AA304CF282007F429B /* .gitignore */,
			);
			sourceTree = "<group>";
		};
		5371D66D304CEBD6007F429B /* Products */ = {
			isa = PBXGroup;
			children = (
				5371D66C304CEBD6007F429B /* DORC.app */,
				5371D679304CEBD8007F429B /* DORCTests.xctest */,
				5371D683304CEBD8007F429B /* DORCUITests.xctest */,
			);
			name = Products;
			sourceTree = "<group>";
		};
/* End PBXGroup section */

/* Begin PBXNativeTarget section */
		5371D66B304CEBD6007F429B /* DORC */ = {
			isa = PBXNativeTarget;
			buildConfigurationList = 5371D68B304CEBD8007F429B /* Build configuration list for PBXNativeTarget "DORC" */;
			buildPhases = (
				5371D668304CEBD6007F429B /* Sources */,
				5371D669304CEBD6007F429B /* Frameworks */,
				5371D66A304CEBD6007F429B /* Resources */,
			);
			buildRules = (
			);
			fileSystemSynchronizedGroups = (
				5371D66E304CEBD6007F429B /* DORC */,
			);
			name = DORC;
			productName = DORC;
			productReference = 5371D66C304CEBD6007F429B /* DORC.app */;
			productType = "com.apple.product-type.application";
		};
		5371D678304CEBD8007F429B /* DORCTests */ = {
			isa = PBXNativeTarget;
			buildConfigurationList = 5371D68E304CEBD8007F429B /* Build configuration list for PBXNativeTarget "DORCTests" */;
			buildPhases = (
				5371D675304CEBD8007F429B /* Sources */,
				5371D676304CEBD8007F429B /* Frameworks */,
				5371D677304CEBD8007F429B /* Resources */,
			);
			buildRules = (
			);
			dependencies = (
				5371D67B304CEBD8007F429B /* PBXTargetDependency */,
			);
			fileSystemSynchronizedGroups = (
				5371D67C304CEBD8007F429B /* DORCTests */,
			);
			name = DORCTests;
			productName = DORCTests;
			productReference = 5371D679304CEBD8007F429B /* DORCTests.xctest */;
			productType = "com.apple.product-type.bundle.unit-test";
		};
		5371D682304CEBD8007F429B /* DORCUITests */ = {
			isa = PBXNativeTarget;
			buildConfigurationList = 5371D691304CEBD8007F429B /* Build configuration list for PBXNativeTarget "DORCUITests" */;
			buildPhases = (
				5371D67F304CEBD8007F429B /* Sources */,
				5371D680304CEBD8007F429B /* Frameworks */,
				5371D681304CEBD8007F429B /* Resources */,
			);
			buildRules = (
			);
			dependencies = (
				5371D685304CEBD8007F429B /* PBXTargetDependency */,
			);
			fileSystemSynchronizedGroups = (
				5371D686304CEBD8007F429B /* DORCUITests */,
			);
			name = DORCUITests;
			productName = DORCUITests;
			productReference = 5371D683304CEBD8007F429B /* DORCUITests.xctest */;
			productType = "com.apple.product-type.bundle.ui-testing";
		};
/* End PBXNativeTarget section */

/* Begin PBXProject section */
		5371D664304CEBD6007F429B /* Project object */ = {
			isa = PBXProject;
			attributes = {
				BuildIndependentTargetsInParallel = 1;
				LastSwiftUpdateCheck = 2700;
				LastUpgradeCheck = 2700;
				TargetAttributes = {
					5371D66B304CEBD6007F429B = {
						CreatedOnToolsVersion = 27.0;
					};
					5371D678304CEBD8007F429B = {
						CreatedOnToolsVersion = 27.0;
						TestTargetID = 5371D66B304CEBD6007F429B;
					};
					5371D682304CEBD8007F429B = {
						CreatedOnToolsVersion = 27.0;
						TestTargetID = 5371D66B304CEBD6007F429B;
					};
				};
			};
			buildConfigurationList = 5371D667304CEBD6007F429B /* Build configuration list for PBXProject "DORC" */;
			developmentRegion = en;
			hasScannedForEncodings = 0;
			knownRegions = (
				en,
				Base,
			);
			mainGroup = 5371D663304CEBD6007F429B;
			minimizedProjectReferenceProxies = 1;
			preferredProjectObjectVersion = 77;
			productRefGroup = 5371D66D304CEBD6007F429B /* Products */;
			projectDirPath = "";
			projectRoot = "";
			targets = (
				5371D66B304CEBD6007F429B /* DORC */,
				5371D678304CEBD8007F429B /* DORCTests */,
				5371D682304CEBD8007F429B /* DORCUITests */,
			);
		};
/* End PBXProject section */

/* Begin PBXResourcesBuildPhase section */
		5371D66A304CEBD6007F429B /* Resources */ = {
			isa = PBXResourcesBuildPhase;
			files = (
				5371D6A9304CF26F007F429B /* README.md in Resources */,
				5371D6AB304CF282007F429B /* .gitignore in Resources */,
			);
		};
		5371D677304CEBD8007F429B /* Resources */ = {
			isa = PBXResourcesBuildPhase;
			files = (
			);
		};
		5371D681304CEBD8007F429B /* Resources */ = {
			isa = PBXResourcesBuildPhase;
			files = (
			);
		};
/* End PBXResourcesBuildPhase section */

/* Begin PBXSourcesBuildPhase section */
		5371D668304CEBD6007F429B /* Sources */ = {
			isa = PBXSourcesBuildPhase;
			files = (
			);
		};
		5371D675304CEBD8007F429B /* Sources */ = {
			isa = PBXSourcesBuildPhase;
			files = (
			);
		};
		5371D67F304CEBD8007F429B /* Sources */ = {
			isa = PBXSourcesBuildPhase;
			files = (
			);
		};
/* End PBXSourcesBuildPhase section */

/* Begin PBXTargetDependency section */
		5371D67B304CEBD8007F429B /* PBXTargetDependency */ = {
			isa = PBXTargetDependency;
			target = 5371D66B304CEBD6007F429B /* DORC */;
			targetProxy = 5371D67A304CEBD8007F429B /* PBXContainerItemProxy */;
		};
		5371D685304CEBD8007F429B /* PBXTargetDependency */ = {
			isa = PBXTargetDependency;
			target = 5371D66B304CEBD6007F429B /* DORC */;
			targetProxy = 5371D684304CEBD8007F429B /* PBXContainerItemProxy */;
		};
/* End PBXTargetDependency section */

/* Begin XCBuildConfiguration section */
		5371D689304CEBD8007F429B /* Debug configuration for PBXProject "DORC" */ = {
			isa = XCBuildConfiguration;
			buildSettings = {
				ALWAYS_SEARCH_USER_PATHS = NO;
				ASSETCATALOG_COMPILER_GENERATE_SWIFT_ASSET_SYMBOL_EXTENSIONS = YES;
				CLANG_ANALYZER_NONNULL = YES;
				CLANG_ANALYZER_NUMBER_OBJECT_CONVERSION = YES_AGGRESSIVE;
				CLANG_CXX_LANGUAGE_STANDARD = "gnu++20";
				CLANG_ENABLE_MODULES = YES;
				CLANG_ENABLE_OBJC_ARC = YES;
				CLANG_ENABLE_OBJC_WEAK = YES;
				CLANG_WARN_BLOCK_CAPTURE_AUTORELEASING = YES;
				CLANG_WARN_BOOL_CONVERSION = YES;
				CLANG_WARN_COMMA = YES;
				CLANG_WARN_CONSTANT_CONVERSION = YES;
				CLANG_WARN_DEPRECATED_OBJC_IMPLEMENTATIONS = YES;
				CLANG_WARN_DIRECT_OBJC_ISA_USAGE = YES_ERROR;
				CLANG_WARN_DOCUMENTATION_COMMENTS = YES;
				CLANG_WARN_EMPTY_BODY = YES;
				CLANG_WARN_ENUM_CONVERSION = YES;
				CLANG_WARN_INFINITE_RECURSION = YES;
				CLANG_WARN_INT_CONVERSION = YES;
				CLANG_WARN_NON_LITERAL_NULL_CONVERSION = YES;
				CLANG_WARN_OBJC_IMPLICIT_RETAIN_SELF = YES;
				CLANG_WARN_OBJC_LITERAL_CONVERSION = YES;
				CLANG_WARN_OBJC_ROOT_CLASS = YES_ERROR;
				CLANG_WARN_QUOTED_INCLUDE_IN_FRAMEWORK_HEADER = YES;
				CLANG_WARN_RANGE_LOOP_ANALYSIS = YES;
				CLANG_WARN_STRICT_PROTOTYPES = YES;
				CLANG_WARN_SUSPICIOUS_MOVE = YES;
				CLANG_WARN_UNGUARDED_AVAILABILITY = YES_AGGRESSIVE;
				CLANG_WARN_UNREACHABLE_CODE = YES;
				CLANG_WARN__DUPLICATE_METHOD_MATCH = YES;
				COPY_PHASE_STRIP = NO;
				DEBUG_INFORMATION_FORMAT = dwarf;
				ENABLE_STRICT_OBJC_MSGSEND = YES;
				ENABLE_TESTABILITY = YES;
				ENABLE_USER_SCRIPT_SANDBOXING = YES;
				GCC_C_LANGUAGE_STANDARD = gnu17;
				GCC_DYNAMIC_NO_PIC = NO;
				GCC_NO_COMMON_BLOCKS = YES;
				GCC_OPTIMIZATION_LEVEL = 0;
				GCC_PREPROCESSOR_DEFINITIONS = (
					"DEBUG=1",
					"$(inherited)",
				);
				GCC_WARN_64_TO_32_BIT_CONVERSION = YES;
				GCC_WARN_ABOUT_RETURN_TYPE = YES_ERROR;
				GCC_WARN_UNDECLARED_SELECTOR = YES;
				GCC_WARN_UNINITIALIZED_AUTOS = YES_AGGRESSIVE;
				GCC_WARN_UNUSED_FUNCTION = YES;
				GCC_WARN_UNUSED_VARIABLE = YES;
				IPHONEOS_DEPLOYMENT_TARGET = 27.0;
				LOCALIZATION_PREFERS_STRING_CATALOGS = YES;
				MTL_ENABLE_DEBUG_INFO = INCLUDE_SOURCE;
				MTL_FAST_MATH = YES;
				ONLY_ACTIVE_ARCH = YES;
				SDKROOT = iphoneos;
				SWIFT_ACTIVE_COMPILATION_CONDITIONS = "DEBUG $(inherited)";
				SWIFT_OPTIMIZATION_LEVEL = "-Onone";
			};
			name = Debug;
		};
		5371D68A304CEBD8007F429B /* Release configuration for PBXProject "DORC" */ = {
			isa = XCBuildConfiguration;
			buildSettings = {
				ALWAYS_SEARCH_USER_PATHS = NO;
				ASSETCATALOG_COMPILER_GENERATE_SWIFT_ASSET_SYMBOL_EXTENSIONS = YES;
				CLANG_ANALYZER_NONNULL = YES;
				CLANG_ANALYZER_NUMBER_OBJECT_CONVERSION = YES_AGGRESSIVE;
				CLANG_CXX_LANGUAGE_STANDARD = "gnu++20";
				CLANG_ENABLE_MODULES = YES;
				CLANG_ENABLE_OBJC_ARC = YES;
				CLANG_ENABLE_OBJC_WEAK = YES;
				CLANG_WARN_BLOCK_CAPTURE_AUTORELEASING = YES;
				CLANG_WARN_BOOL_CONVERSION = YES;
				CLANG_WARN_COMMA = YES;
				CLANG_WARN_CONSTANT_CONVERSION = YES;
				CLANG_WARN_DEPRECATED_OBJC_IMPLEMENTATIONS = YES;
				CLANG_WARN_DIRECT_OBJC_ISA_USAGE = YES_ERROR;
				CLANG_WARN_DOCUMENTATION_COMMENTS = YES;
				CLANG_WARN_EMPTY_BODY = YES;
				CLANG_WARN_ENUM_CONVERSION = YES;
				CLANG_WARN_INFINITE_RECURSION = YES;
				CLANG_WARN_INT_CONVERSION = YES;
				CLANG_WARN_NON_LITERAL_NULL_CONVERSION = YES;
				CLANG_WARN_OBJC_IMPLICIT_RETAIN_SELF = YES;
				CLANG_WARN_OBJC_LITERAL_CONVERSION = YES;
				CLANG_WARN_OBJC_ROOT_CLASS = YES_ERROR;
				CLANG_WARN_QUOTED_INCLUDE_IN_FRAMEWORK_HEADER = YES;
				CLANG_WARN_RANGE_LOOP_ANALYSIS = YES;
				CLANG_WARN_STRICT_PROTOTYPES = YES;
				CLANG_WARN_SUSPICIOUS_MOVE = YES;
				CLANG_WARN_UNGUARDED_AVAILABILITY = YES_AGGRESSIVE;
				CLANG_WARN_UNREACHABLE_CODE = YES;
				CLANG_WARN__DUPLICATE_METHOD_MATCH = YES;
				COPY_PHASE_STRIP = NO;
				DEBUG_INFORMATION_FORMAT = "dwarf-with-dsym";
				ENABLE_NS_ASSERTIONS = NO;
				ENABLE_STRICT_OBJC_MSGSEND = YES;
				ENABLE_USER_SCRIPT_SANDBOXING = YES;
				GCC_C_LANGUAGE_STANDARD = gnu17;
				GCC_NO_COMMON_BLOCKS = YES;
				GCC_WARN_64_TO_32_BIT_CONVERSION = YES;
				GCC_WARN_ABOUT_RETURN_TYPE = YES_ERROR;
				GCC_WARN_UNDECLARED_SELECTOR = YES;
				GCC_WARN_UNINITIALIZED_AUTOS = YES_AGGRESSIVE;
				GCC_WARN_UNUSED_FUNCTION = YES;
				GCC_WARN_UNUSED_VARIABLE = YES;
				IPHONEOS_DEPLOYMENT_TARGET = 27.0;
				LOCALIZATION_PREFERS_STRING_CATALOGS = YES;
				MTL_ENABLE_DEBUG_INFO = NO;
				MTL_FAST_MATH = YES;
				SDKROOT = iphoneos;
				SWIFT_COMPILATION_MODE = wholemodule;
				VALIDATE_PRODUCT = YES;
			};
			name = Release;
		};
		5371D68C304CEBD8007F429B /* Debug configuration for PBXNativeTarget "DORC" */ = {
			isa = XCBuildConfiguration;
			buildSettings = {
				ASSETCATALOG_COMPILER_APPICON_NAME = AppIcon;
				ASSETCATALOG_COMPILER_GLOBAL_ACCENT_COLOR_NAME = AccentColor;
				ASSETCATALOG_COMPILER_INCLUDE_ALL_APPICON_ASSETS = NO;
				CODE_SIGN_STYLE = Automatic;
				CURRENT_PROJECT_VERSION = 1;
				DEVELOPMENT_TEAM = ARM4993PKR;
				ENABLE_PREVIEWS = YES;
				GENERATE_INFOPLIST_FILE = YES;
				INFOPLIST_KEY_UIApplicationSceneManifest_Generation = YES;
				INFOPLIST_KEY_UIApplicationSupportsIndirectInputEvents = YES;
				INFOPLIST_KEY_UILaunchScreen_Generation = YES;
				INFOPLIST_KEY_UILaunchStoryboardName = "Launch Screen.storyboard";
				INFOPLIST_KEY_UISupportedInterfaceOrientations_iPad = "UIInterfaceOrientationPortrait UIInterfaceOrientationPortraitUpsideDown UIInterfaceOrientationLandscapeLeft UIInterfaceOrientationLandscapeRight";
				INFOPLIST_KEY_UISupportedInterfaceOrientations_iPhone = "UIInterfaceOrientationPortrait UIInterfaceOrientationLandscapeLeft UIInterfaceOrientationLandscapeRight";
				LD_RUNPATH_SEARCH_PATHS = (
					"$(inherited)",
					"@executable_path/Frameworks",
				);
				MARKETING_VERSION = 1.0;
				PRODUCT_BUNDLE_IDENTIFIER = ca.owen.DORC;
				PRODUCT_NAME = "$(TARGET_NAME)";
				STRING_CATALOG_GENERATE_SYMBOLS = YES;
				SWIFT_APPROACHABLE_CONCURRENCY = YES;
				SWIFT_DEFAULT_ACTOR_ISOLATION = MainActor;
				SWIFT_EMIT_LOC_STRINGS = YES;
				SWIFT_UPCOMING_FEATURE_MEMBER_IMPORT_VISIBILITY = YES;
				SWIFT_VERSION = 5.0;
				TARGETED_DEVICE_FAMILY = "1,2";
			};
			name = Debug;
		};
		5371D68D304CEBD8007F429B /* Release configuration for PBXNativeTarget "DORC" */ = {
			isa = XCBuildConfiguration;
			buildSettings = {
				ASSETCATALOG_COMPILER_APPICON_NAME = AppIcon;
				ASSETCATALOG_COMPILER_GLOBAL_ACCENT_COLOR_NAME = AccentColor;
				ASSETCATALOG_COMPILER_INCLUDE_ALL_APPICON_ASSETS = NO;
				CODE_SIGN_STYLE = Automatic;
				CURRENT_PROJECT_VERSION = 1;
				DEVELOPMENT_TEAM = ARM4993PKR;
				ENABLE_PREVIEWS = YES;
				GENERATE_INFOPLIST_FILE = YES;
				INFOPLIST_KEY_UIApplicationSceneManifest_Generation = YES;
				INFOPLIST_KEY_UIApplicationSupportsIndirectInputEvents = YES;
				INFOPLIST_KEY_UILaunchScreen_Generation = YES;
				INFOPLIST_KEY_UILaunchStoryboardName = "Launch Screen.storyboard";
				INFOPLIST_KEY_UISupportedInterfaceOrientations_iPad = "UIInterfaceOrientationPortrait UIInterfaceOrientationPortraitUpsideDown UIInterfaceOrientationLandscapeLeft UIInterfaceOrientationLandscapeRight";
				INFOPLIST_KEY_UISupportedInterfaceOrientations_iPhone = "UIInterfaceOrientationPortrait UIInterfaceOrientationLandscapeLeft UIInterfaceOrientationLandscapeRight";
				LD_RUNPATH_SEARCH_PATHS = (
					"$(inherited)",
					"@executable_path/Frameworks",
				);
				MARKETING_VERSION = 1.0;
				PRODUCT_BUNDLE_IDENTIFIER = ca.owen.DORC;
				PRODUCT_NAME = "$(TARGET_NAME)";
				STRING_CATALOG_GENERATE_SYMBOLS = YES;
				SWIFT_APPROACHABLE_CONCURRENCY = YES;
				SWIFT_DEFAULT_ACTOR_ISOLATION = MainActor;
				SWIFT_EMIT_LOC_STRINGS = YES;
				SWIFT_UPCOMING_FEATURE_MEMBER_IMPORT_VISIBILITY = YES;
				SWIFT_VERSION = 5.0;
				TARGETED_DEVICE_FAMILY = "1,2";
			};
			name = Release;
		};
		5371D68F304CEBD8007F429B /* Debug configuration for PBXNativeTarget "DORCTests" */ = {
			isa = XCBuildConfiguration;
			buildSettings = {
				BUNDLE_LOADER = "$(TEST_HOST)";
				CODE_SIGN_STYLE = Automatic;
				CURRENT_PROJECT_VERSION = 1;
				GENERATE_INFOPLIST_FILE = YES;
				IPHONEOS_DEPLOYMENT_TARGET = 27.0;
				MARKETING_VERSION = 1.0;
				PRODUCT_BUNDLE_IDENTIFIER = ca.owen.DORCTests;
				PRODUCT_NAME = "$(TARGET_NAME)";
				STRING_CATALOG_GENERATE_SYMBOLS = NO;
				SWIFT_APPROACHABLE_CONCURRENCY = YES;
				SWIFT_EMIT_LOC_STRINGS = NO;
				SWIFT_UPCOMING_FEATURE_MEMBER_IMPORT_VISIBILITY = YES;
				SWIFT_VERSION = 5.0;
				TARGETED_DEVICE_FAMILY = "1,2";
				TEST_HOST = "$(BUILT_PRODUCTS_DIR)/DORC.app/$(BUNDLE_EXECUTABLE_FOLDER_PATH)/DORC";
			};
			name = Debug;
		};
		5371D690304CEBD8007F429B /* Release configuration for PBXNativeTarget "DORCTests" */ = {
			isa = XCBuildConfiguration;
			buildSettings = {
				BUNDLE_LOADER = "$(TEST_HOST)";
				CODE_SIGN_STYLE = Automatic;
				CURRENT_PROJECT_VERSION = 1;
				GENERATE_INFOPLIST_FILE = YES;
				IPHONEOS_DEPLOYMENT_TARGET = 27.0;
				MARKETING_VERSION = 1.0;
				PRODUCT_BUNDLE_IDENTIFIER = ca.owen.DORCTests;
				PRODUCT_NAME = "$(TARGET_NAME)";
				STRING_CATALOG_GENERATE_SYMBOLS = NO;
				SWIFT_APPROACHABLE_CONCURRENCY = YES;
				SWIFT_EMIT_LOC_STRINGS = NO;
				SWIFT_UPCOMING_FEATURE_MEMBER_IMPORT_VISIBILITY = YES;
				SWIFT_VERSION = 5.0;
				TARGETED_DEVICE_FAMILY = "1,2";
				TEST_HOST = "$(BUILT_PRODUCTS_DIR)/DORC.app/$(BUNDLE_EXECUTABLE_FOLDER_PATH)/DORC";
			};
			name = Release;
		};
		5371D692304CEBD8007F429B /* Debug configuration for PBXNativeTarget "DORCUITests" */ = {
			isa = XCBuildConfiguration;
			buildSettings = {
				CODE_SIGN_STYLE = Automatic;
				CURRENT_PROJECT_VERSION = 1;
				GENERATE_INFOPLIST_FILE = YES;
				MARKETING_VERSION = 1.0;
				PRODUCT_BUNDLE_IDENTIFIER = ca.owen.DORCUITests;
				PRODUCT_NAME = "$(TARGET_NAME)";
				STRING_CATALOG_GENERATE_SYMBOLS = NO;
				SWIFT_APPROACHABLE_CONCURRENCY = YES;
				SWIFT_EMIT_LOC_STRINGS = NO;
				SWIFT_UPCOMING_FEATURE_MEMBER_IMPORT_VISIBILITY = YES;
				SWIFT_VERSION = 5.0;
				TARGETED_DEVICE_FAMILY = "1,2";
				TEST_TARGET_NAME = DORC;
			};
			name = Debug;
		};
		5371D693304CEBD8007F429B /* Release configuration for PBXNativeTarget "DORCUITests" */ = {
			isa = XCBuildConfiguration;
			buildSettings = {
				CODE_SIGN_STYLE = Automatic;
				CURRENT_PROJECT_VERSION = 1;
				GENERATE_INFOPLIST_FILE = YES;
				MARKETING_VERSION = 1.0;
				PRODUCT_BUNDLE_IDENTIFIER = ca.owen.DORCUITests;
				PRODUCT_NAME = "$(TARGET_NAME)";
				STRING_CATALOG_GENERATE_SYMBOLS = NO;
				SWIFT_APPROACHABLE_CONCURRENCY = YES;
				SWIFT_EMIT_LOC_STRINGS = NO;
				SWIFT_UPCOMING_FEATURE_MEMBER_IMPORT_VISIBILITY = YES;
				SWIFT_VERSION = 5.0;
				TARGETED_DEVICE_FAMILY = "1,2";
				TEST_TARGET_NAME = DORC;
			};
			name = Release;
		};
/* End XCBuildConfiguration section */

/* Begin XCConfigurationList section */
		5371D667304CEBD6007F429B /* Build configuration list for PBXProject "DORC" */ = {
			isa = XCConfigurationList;
			buildConfigurations = (
				5371D689304CEBD8007F429B /* Debug configuration for PBXProject "DORC" */,
				5371D68A304CEBD8007F429B /* Release configuration for PBXProject "DORC" */,
			);
			defaultConfigurationName = Release;
		};
		5371D68B304CEBD8007F429B /* Build configuration list for PBXNativeTarget "DORC" */ = {
			isa = XCConfigurationList;
			buildConfigurations = (
				5371D68C304CEBD8007F429B /* Debug configuration for PBXNativeTarget "DORC" */,
				5371D68D304CEBD8007F429B /* Release configuration for PBXNativeTarget "DORC" */,
			);
			defaultConfigurationName = Release;
		};
		5371D68E304CEBD8007F429B /* Build configuration list for PBXNativeTarget "DORCTests" */ = {
			isa = XCConfigurationList;
			buildConfigurations = (
				5371D68F304CEBD8007F429B /* Debug configuration for PBXNativeTarget "DORCTests" */,
				5371D690304CEBD8007F429B /* Release configuration for PBXNativeTarget "DORCTests" */,
			);
			defaultConfigurationName = Release;
		};
		5371D691304CEBD8007F429B /* Build configuration list for PBXNativeTarget "DORCUITests" */ = {
			isa = XCConfigurationList;
			buildConfigurations = (
				5371D692304CEBD8007F429B /* Debug configuration for PBXNativeTarget "DORCUITests" */,
				5371D693304CEBD8007F429B /* Release configuration for PBXNativeTarget "DORCUITests" */,
			);
			defaultConfigurationName = Release;
		};
/* End XCConfigurationList section */
	};
	rootObject = 5371D664304CEBD6007F429B /* Project object */;
	validationLevel = 1;
}
